lockfile_version: '1'
generated_at: '2026-06-28T16:36:38.312236+00:00'
apm_version: 0.21.0
dependencies:
- repo_url: cffnpwr/agent-skills
  host: github.com
  resolved_commit: 6af4eb49a7adba74abac8b362502f374855435ea
  package_type: apm_package
  deployed_files:
  - .claude/skills/agents-md-creator
  - .claude/skills/agents-md-creator/SKILL.md
  - .claude/skills/agents-md-creator/references/claude-md-entrypoint.md
  - .claude/skills/agents-md-creator/references/content-gathering.md
  - .claude/skills/agents-md-creator/references/global-content-gathering.md
  - .claude/skills/agents-md-creator/references/global-entrypoint.md
  - .claude/skills/agents-md-creator/references/global-recommended-skeleton.md
  - .claude/skills/agents-md-creator/references/global-rubric-audit.md
  - .claude/skills/agents-md-creator/references/progressive-disclosure.md
  - .claude/skills/agents-md-creator/references/recommended-skeleton.md
  - .claude/skills/agents-md-creator/references/rubric-audit.md
  - .claude/skills/agents-md-creator/scripts/check_references.sh
  - .claude/skills/agents-md-creator/templates/AGENTS.md.template
  - .claude/skills/agents-md-creator/templates/global-AGENTS.md.template
  - .claude/skills/flat-review
  - .claude/skills/flat-review/SKILL.md
  - .claude/skills/issue-creator
  - .claude/skills/issue-creator/SKILL.md
  - .claude/skills/issue-creator/references/implicit-info-checklist.md
  - .claude/skills/issue-creator/references/platform-detection.md
  - .claude/skills/issue-creator/references/templates/bug.md
  - .claude/skills/issue-creator/references/templates/feature.md
  - .claude/skills/issue-creator/references/templates/improvement.md
  - .claude/skills/issue-creator/references/templates/task.md
  - .claude/skills/jj-reference
  - .claude/skills/jj-reference/SKILL.md
  - .claude/skills/pr-creator
  - .claude/skills/pr-creator/SKILL.md
  - .claude/skills/pr-creator/references/platform-detection.md
  - .claude/skills/pr-creator/templates/default.md
  - .claude/skills/shell-scripting
  - .claude/skills/shell-scripting/SKILL.md
  - .claude/skills/skill-creator
  - .claude/skills/skill-creator/SKILL.md
  - .claude/skills/skill-creator/pyproject.toml
  - .claude/skills/skill-creator/references/compatibility-guide.md
  - .claude/skills/skill-creator/references/output-patterns.md
  - .claude/skills/skill-creator/references/scripting-guide.md
  - .claude/skills/skill-creator/references/scripts-reference.md
  - .claude/skills/skill-creator/references/step-by-step-guide.md
  - .claude/skills/skill-creator/references/workflows.md
  - .claude/skills/skill-creator/scripts/quick_validate.py
  - .claude/skills/skill-creator/templates/SKILL.md.template
  - .claude/skills/skill-creator/uv.lock
  deployed_file_hashes:
    .claude/skills/agents-md-creator/SKILL.md: sha256:f9b77e4bc0278631673cebf3451e4c75b011d314de487501cb8a91d463bcf893
    .claude/skills/agents-md-creator/references/claude-md-entrypoint.md: sha256:7c9254639fd662d5b112b4ca726a706de01e5b2a7b7d0b041e0707f50c6e88c0
    .claude/skills/agents-md-creator/references/content-gathering.md: sha256:aa07d3faa4e1a7b39feaa3ccb2eacf14d47fd2eae401d908ecfaebf54fb3c443
    .claude/skills/agents-md-creator/references/global-content-gathering.md: sha256:2fdf641dcfb47767d931d3195b6837e17278caffa44b6b47a2630a77dbb616a3
    .claude/skills/agents-md-creator/references/global-entrypoint.md: sha256:68e85a2dedb62a33e0739c381319aa0d5f5ad9c618ea274c381c573c417eb5a7
    .claude/skills/agents-md-creator/references/global-recommended-skeleton.md: sha256:d584f0b79454578cd4acce55a4d7db344243dcbf1c3ee04e604158832ec9589a
    .claude/skills/agents-md-creator/references/global-rubric-audit.md: sha256:06807cca7671316986b139f039971a5ad5a1797b17eb417452f76fa17332d89b
    .claude/skills/agents-md-creator/references/progressive-disclosure.md: sha256:88a83558fe63ce3417e4b9266c8cacd381e4c1e75484db71c1221433164c5074
    .claude/skills/agents-md-creator/references/recommended-skeleton.md: sha256:d3e009e28327c140613bc8169a514f814e4c5e4f7f16dd8056c01c9fc8a1a14c
    .claude/skills/agents-md-creator/references/rubric-audit.md: sha256:630b1e1e478b35d23548845fb636923634e8214fc0d12023fb1277782932f515
    .claude/skills/agents-md-creator/scripts/check_references.sh: sha256:9e015bf11aae4a0a0cc1c14f33dac74938ccdbad05a88ddeb46459a8e45e739a
    .claude/skills/agents-md-creator/templates/AGENTS.md.template: sha256:cf489d1be6b62aae108a0afcbc10f4054c1eec408ec32b8cddebc8bf9e1cbaff
    .claude/skills/agents-md-creator/templates/global-AGENTS.md.template: sha256:aa82ce12eca8d833761ed1b3d5df8711d5a381417ee14cf47245a8c5b1cc8a77
    .claude/skills/flat-review/SKILL.md: sha256:574c495fb682ed0c72fd6fa745ac5c7df415aa9b6fb5499df55ffc77784117a7
    .claude/skills/issue-creator/SKILL.md: sha256:388baf574f58cb3f6a5145ccdebdfb5a3e112806514cf5a65566054fd1162fb7
    .claude/skills/issue-creator/references/implicit-info-checklist.md: sha256:b2840f0a52af7a2b9829c6ab7687623475b4ce397c61b081fc479d3ba6c82c87
    .claude/skills/issue-creator/references/platform-detection.md: sha256:2d56358132d0ac1b8e095509d03d89fa5b3c7441707f6d446d1c379367c7a0fa
    .claude/skills/issue-creator/references/templates/bug.md: sha256:f5d54d9a56b12745fec6e7575d21ae32306ab48b4d117c11ea9de1e79415c843
    .claude/skills/issue-creator/references/templates/feature.md: sha256:4c13e126eb0ad5ca2bf0c4c370f0af3c7913bb9406580e91703e6ce281d1aa21
    .claude/skills/issue-creator/references/templates/improvement.md: sha256:68673f56713e4f77b6c263541bee343dfa3e5bb5d78e173858b13eda52c11945
    .claude/skills/issue-creator/references/templates/task.md: sha256:3a87d9735ece9ceb78e44669606bacde9eef287ebcac35dca2707638cf8979eb
    .claude/skills/jj-reference/SKILL.md: sha256:53c945e6aab86a31fb1e7c0caa783ced2a70fd96d306b3adbdd487af305f65f0
    .claude/skills/pr-creator/SKILL.md: sha256:a7d598f955079b4f2d5e05d4ab32fbd0b5766b4e67d5c08ed53e6f75dd3b6c05
    .claude/skills/pr-creator/references/platform-detection.md: sha256:76972c5605081ea4fa8cc2c5a25444b05ef9e85e6ec6334218b6c9a334aecdb0
    .claude/skills/pr-creator/templates/default.md: sha256:4836793eb5196fd109efca888dda6b429681ba555c070d203aef5803fdf58205
    .claude/skills/shell-scripting/SKILL.md: sha256:995d1a316010deedb6600560d3331cc633d4b7494da9b1921b6a0ba67ea76536
    .claude/skills/skill-creator/SKILL.md: sha256:2b9781d17c65277f4e8b33b765e2be833543f12e1808c900fda1a33e5a9cfe0e
    .claude/skills/skill-creator/pyproject.toml: sha256:761b5eb8942d413375c58f7d6d8e53b1bad038ccfbd8327fbf3080be6133c607
    .claude/skills/skill-creator/references/compatibility-guide.md: sha256:dc591e20cf11822b7eaa4b3e8a18a1561fd6e1b82ceeb81e0cb53543956b80c0
    .claude/skills/skill-creator/references/output-patterns.md: sha256:d4be60d5cee833780aa5390d91d1e7a73c8eddd066bc73ffe73530df8e6fb3ce
    .claude/skills/skill-creator/references/scripting-guide.md: sha256:19b8bef6a47976283302b0fad6ce179c2d3947d34f7b3942a402f1864ca7631f
    .claude/skills/skill-creator/references/scripts-reference.md: sha256:64566c996cbc9ecbb7ed1f336692e8dfe791cf6bb3b97087abe6081ebe513fb3
    .claude/skills/skill-creator/references/step-by-step-guide.md: sha256:cc9f10438fc06bb2c7ec62b9b8903d7a6ca8de2fc62ec83faf5df63a7ec01022
    .claude/skills/skill-creator/references/workflows.md: sha256:32f0e5385f5255a7d9d0810ef99441086fa06eb1bf33543282f111e712351a11
    .claude/skills/skill-creator/scripts/quick_validate.py: sha256:c9b2762a33841c12106c81b0c8bcea8db029434b7e5dd0d69e4b91a498c69dd5
    .claude/skills/skill-creator/templates/SKILL.md.template: sha256:9fad4baf9ad5489ffc7e2ba7753c4989e852cf75f282d6de6fc5ca5a248a68b9
    .claude/skills/skill-creator/uv.lock: sha256:405a6ac9db358d49f3d57d4fdcda11c99dd7d56340d1545daa33fd9a0c9d4fa9
  content_hash: sha256:28ae80880a0940214411ade67bd4462f72ca0a475e308e93f057a3a603ae9e94
  declared_license: MIT
- repo_url: cffnpwr/agent-work-logs
  host: github.com
  resolved_commit: 81ddf3287dfd918539d00f58a76f3789b93b7bda
  package_type: apm_package
  deployed_files:
  - .claude/skills/work-logs
  - .claude/skills/work-logs/SKILL.md
  deployed_file_hashes:
    .claude/skills/work-logs/SKILL.md: sha256:2c4e4a6dd23d649bad03462165cc1fc62e3581a6d83bc5d869cdd14ff5892506
  content_hash: sha256:1d668b34feac10824a9117af5d709fb44186534e76457fd9d8753d2ca900ec8e
  declared_license: MIT
- repo_url: mattpocock/skills
  host: github.com
  resolved_commit: 5d78bd0903420f97c791f834201e550c765699f8
  virtual_path: skills/productivity/grilling
  is_virtual: true
  package_type: claude_skill
  deployed_files:
  - .claude/skills/grilling
  - .claude/skills/grilling/SKILL.md
  deployed_file_hashes:
    .claude/skills/grilling/SKILL.md: sha256:fe00af3e1815f97c0a7644605479328a726b5cd95ba6ef56a4be2a92fae6c20f
  content_hash: sha256:ef685a6fa0bbe73b05bbd8dc1ec97258191587f07c6aa7dbc9006675ceb8f90f
mcp_servers:
- deepwiki
mcp_configs:
  deepwiki:
    name: deepwiki
    transport: http
    registry: false
    url: https://mcp.deepwiki.com/mcp
